// !$*UTF8*$!
{
	archiveVersion = 1;
	classes = {
	};
	objectVersion = 46;
	objects = {

/* Begin PBXBuildFile section */
		166943151ABC300800BF8B37 /* HueSDK_iOS.framework in Frameworks */ = {isa = PBXBuildFile; fileRef = 166943141ABC300800BF8B37 /* HueSDK_iOS.framework */; };
		4CCACF97165692D4008E9D69 /* UIKit.framework in Frameworks */ = {isa = PBXBuildFile; fileRef = 4CCACF96165692D4008E9D69 /* UIKit.framework */; };
		4CCACF99165692D4008E9D69 /* Foundation.framework in Frameworks */ = {isa = PBXBuildFile; fileRef = 4CCACF98165692D4008E9D69 /* Foundation.framework */; };
		4CCACFA1165692D5008E9D69 /* InfoPlist.strings in Resources */ = {isa = PBXBuildFile; fileRef = 4CCACF9F165692D5008E9D69 /* InfoPlist.strings */; };
		4CCACFA3165692D5008E9D69 /* main.m in Sources */ = {isa = PBXBuildFile; fileRef = 4CCACFA2165692D5008E9D69 /* main.m */; };
		4CCACFA9165692D5008E9D69 /* Default.png in Resources */ = {isa = PBXBuildFile; fileRef = 4CCACFA8165692D5008E9D69 /* Default.png */; };
		4CCACFAB165692D5008E9D69 /* Default@2x.png in Resources */ = {isa = PBXBuildFile; fileRef = 4CCACFAA165692D5008E9D69 /* Default@2x.png */; };
		4CCACFAD165692D5008E9D69 /* Default-568h@2x.png in Resources */ = {isa = PBXBuildFile; fileRef = 4CCACFAC165692D5008E9D69 /* Default-568h@2x.png */; };
		87194E79184F7FA700576916 /* CoreGraphics.framework in Frameworks */ = {isa = PBXBuildFile; fileRef = 87194E78184F7FA700576916 /* CoreGraphics.framework */; };
		877BF2C91B4BD4B100118EF2 /* PHAppDelegate.m in Sources */ = {isa = PBXBuildFile; fileRef = 877BF2C51B4BD4B100118EF2 /* PHAppDelegate.m */; };
		877BF2CA1B4BD4B100118EF2 /* PHControlLightsViewController.m in Sources */ = {isa = PBXBuildFile; fileRef = 877BF2C71B4BD4B100118EF2 /* PHControlLightsViewController.m */; };
		877BF2CB1B4BD4B100118EF2 /* PHControlLightsViewController.xib in Resources */ = {isa = PBXBuildFile; fileRef = 877BF2C81B4BD4B100118EF2 /* PHControlLightsViewController.xib */; };
		877BF2DA1B4BD4EC00118EF2 /* PHLoadingViewController.m in Sources */ = {isa = PBXBuildFile; fileRef = 877BF2CF1B4BD4EC00118EF2 /* PHLoadingViewController.m */; };
		877BF2DB1B4BD4EC00118EF2 /* PHLoadingViewController.xib in Resources */ = {isa = PBXBuildFile; fileRef = 877BF2D01B4BD4EC00118EF2 /* PHLoadingViewController.xib */; };
		877BF2DC1B4BD4EC00118EF2 /* PHBridgePushLinkViewController.m in Sources */ = {isa = PBXBuildFile; fileRef = 877BF2D21B4BD4EC00118EF2 /* PHBridgePushLinkViewController.m */; };
		877BF2DD1B4BD4EC00118EF2 /* PHBridgePushLinkViewController.xib in Resources */ = {isa = PBXBuildFile; fileRef = 877BF2D31B4BD4EC00118EF2 /* PHBridgePushLinkViewController.xib */; };
		877BF2DE1B4BD4EC00118EF2 /* PHBridgeSelectionViewController.m in Sources */ = {isa = PBXBuildFile; fileRef = 877BF2D51B4BD4EC00118EF2 /* PHBridgeSelectionViewController.m */; };
		877BF2DF1B4BD4EC00118EF2 /* PHBridgeSelectionViewController.xib in Resources */ = {isa = PBXBuildFile; fileRef = 877BF2D61B4BD4EC00118EF2 /* PHBridgeSelectionViewController.xib */; };
		877BF2E01B4BD4EC00118EF2 /* press_smartbridge.png in Resources */ = {isa = PBXBuildFile; fileRef = 877BF2D81B4BD4EC00118EF2 /* press_smartbridge.png */; };
		877BF2E11B4BD4EC00118EF2 /* press_smartbridge@2x.png in Resources */ = {isa = PBXBuildFile; fileRef = 877BF2D91B4BD4EC00118EF2 /* press_smartbridge@2x.png */; };
		F715240118337FD50033689C /* DDAbstractDatabaseLogger.m in Sources */ = {isa = PBXBuildFile; fileRef = F71523F318337FD50033689C /* DDAbstractDatabaseLogger.m */; };
		F715240218337FD50033689C /* DDASLLogger.m in Sources */ = {isa = PBXBuildFile; fileRef = F71523F518337FD50033689C /* DDASLLogger.m */; };
		F715240318337FD50033689C /* DDFileLogger.m in Sources */ = {isa = PBXBuildFile; fileRef = F71523F718337FD50033689C /* DDFileLogger.m */; };
		F715240418337FD50033689C /* DDLog.m in Sources */ = {isa = PBXBuildFile; fileRef = F71523F918337FD50033689C /* DDLog.m */; };
		F715240518337FD50033689C /* DDTTYLogger.m in Sources */ = {isa = PBXBuildFile; fileRef = F71523FB18337FD50033689C /* DDTTYLogger.m */; };
		F715240618337FD50033689C /* ContextFilterLogFormatter.m in Sources */ = {isa = PBXBuildFile; fileRef = F71523FE18337FD50033689C /* ContextFilterLogFormatter.m */; };
		F715240718337FD50033689C /* DispatchQueueLogFormatter.m in Sources */ = {isa = PBXBuildFile; fileRef = F715240018337FD50033689C /* DispatchQueueLogFormatter.m */; };
/* End PBXBuildFile section */

/* Begin PBXFileReference section */
		166943141ABC300800BF8B37 /* HueSDK_iOS.framework */ = {isa = PBXFileReference; lastKnownFileType = wrapper.framework; path = HueSDK_iOS.framework; sourceTree = "<group>"; };
		4CCACF92165692D4008E9D69 /* HueQuickStartApp-iOS.app */ = {isa = PBXFileReference; explicitFileType = wrapper.application; includeInIndex = 0; path = "HueQuickStartApp-iOS.app"; sourceTree = BUILT_PRODUCTS_DIR; };
		4CCACF96165692D4008E9D69 /* UIKit.framework */ = {isa = PBXFileReference; lastKnownFileType = wrapper.framework; name = UIKit.framework; path = System/Library/Frameworks/UIKit.framework; sourceTree = SDKROOT; };
		4CCACF98165692D4008E9D69 /* Foundation.framework */ = {isa = PBXFileReference; lastKnownFileType = wrapper.framework; name = Foundation.framework; path = System/Library/Frameworks/Foundation.framework; sourceTree = SDKROOT; };
		4CCACF9E165692D4008E9D69 /* HueQuickStartApp-iOS-Info.plist */ = {isa = PBXFileReference; lastKnownFileType = text.plist.xml; path = "HueQuickStartApp-iOS-Info.plist"; sourceTree = "<group>"; };
		4CCACFA0165692D5008E9D69 /* en */ = {isa = PBXFileReference; lastKnownFileType = text.plist.strings; name = en; path = en.lproj/InfoPlist.strings; sourceTree = "<group>"; };
		4CCACFA2165692D5008E9D69 /* main.m */ = {isa = PBXFileReference; lastKnownFileType = sourcecode.c.objc; path = main.m; sourceTree = "<group>"; };
		4CCACFA4165692D5008E9D69 /* HueQuickStartApp-iOS-Prefix.pch */ = {isa = PBXFileReference; lastKnownFileType = sourcecode.c.h; path = "HueQuickStartApp-iOS-Prefix.pch"; sourceTree = "<group>"; };
		4CCACFA8165692D5008E9D69 /* Default.png */ = {isa = PBXFileReference; lastKnownFileType = image.png; path = Default.png; sourceTree = "<group>"; };
		4CCACFAA165692D5008E9D69 /* Default@2x.png */ = {isa = PBXFileReference; lastKnownFileType = image.png; path = "Default@2x.png"; sourceTree = "<group>"; };
		4CCACFAC165692D5008E9D69 /* Default-568h@2x.png */ = {isa = PBXFileReference; lastKnownFileType = image.png; path = "Default-568h@2x.png"; sourceTree = "<group>"; };
		87194E78184F7FA700576916 /* CoreGraphics.framework */ = {isa = PBXFileReference; lastKnownFileType = wrapper.framework; name = CoreGraphics.framework; path = System/Library/Frameworks/CoreGraphics.framework; sourceTree = SDKROOT; };
		877BF2C41B4BD4B100118EF2 /* PHAppDelegate.h */ = {isa = PBXFileReference; fileEncoding = 4; lastKnownFileType = sourcecode.c.h; path = PHAppDelegate.h; sourceTree = "<group>"; };
		877BF2C51B4BD4B100118EF2 /* PHAppDelegate.m */ = {isa = PBXFileReference; fileEncoding = 4; lastKnownFileType = sourcecode.c.objc; path = PHAppDelegate.m; sourceTree = "<group>"; };
		877BF2C61B4BD4B100118EF2 /* PHControlLightsViewController.h */ = {isa = PBXFileReference; fileEncoding = 4; lastKnownFileType = sourcecode.c.h; path = PHControlLightsViewController.h; sourceTree = "<group>"; };
		877BF2C71B4BD4B100118EF2 /* PHControlLightsViewController.m */ = {isa = PBXFileReference; fileEncoding = 4; lastKnownFileType = sourcecode.c.objc; path = PHControlLightsViewController.m; sourceTree = "<group>"; };
		877BF2C81B4BD4B100118EF2 /* PHControlLightsViewController.xib */ = {isa = PBXFileReference; fileEncoding = 4; lastKnownFileType = file.xib; path = PHControlLightsViewController.xib; sourceTree = "<group>"; };
		877BF2CE1B4BD4EC00118EF2 /* PHLoadingViewController.h */ = {isa = PBXFileReference; fileEncoding = 4; lastKnownFileType = sourcecode.c.h; path = PHLoadingViewController.h; sourceTree = "<group>"; };
		877BF2CF1B4BD4EC00118EF2 /* PHLoadingViewController.m */ = {isa = PBXFileReference; fileEncoding = 4; lastKnownFileType = sourcecode.c.objc; path = PHLoadingViewController.m; sourceTree = "<group>"; };
		877BF2D01B4BD4EC00118EF2 /* PHLoadingViewController.xib */ = {isa = PBXFileReference; fileEncoding = 4; lastKnownFileType = file.xib; path = PHLoadingViewController.xib; sourceTree = "<group>"; };
		877BF2D11B4BD4EC00118EF2 /* PHBridgePushLinkViewController.h */ = {isa = PBXFileReference; fileEncoding = 4; lastKnownFileType = sourcecode.c.h; path = PHBridgePushLinkViewController.h; sourceTree = "<group>"; };
		877BF2D21B4BD4EC00118EF2 /* PHBridgePushLinkViewController.m */ = {isa = PBXFileReference; fileEncoding = 4; lastKnownFileType = sourcecode.c.objc; path = PHBridgePushLinkViewController.m; sourceTree = "<group>"; };
		877BF2D31B4BD4EC00118EF2 /* PHBridgePushLinkViewController.xib */ = {isa = PBXFileReference; fileEncoding = 4; lastKnownFileType = file.xib; path = PHBridgePushLinkViewController.xib; sourceTree = "<group>"; };
		877BF2D41B4BD4EC00118EF2 /* PHBridgeSelectionViewController.h */ = {isa = PBXFileReference; fileEncoding = 4; lastKnownFileType = sourcecode.c.h; path = PHBridgeSelectionViewController.h; sourceTree = "<group>"; };
		877BF2D51B4BD4EC00118EF2 /* PHBridgeSelectionViewController.m */ = {isa = PBXFileReference; fileEncoding = 4; lastKnownFileType = sourcecode.c.objc; path = PHBridgeSelectionViewController.m; sourceTree = "<group>"; };
		877BF2D61B4BD4EC00118EF2 /* PHBridgeSelectionViewController.xib */ = {isa = PBXFileReference; fileEncoding = 4; lastKnownFileType = file.xib; path = PHBridgeSelectionViewController.xib; sourceTree = "<group>"; };
		877BF2D81B4BD4EC00118EF2 /* press_smartbridge.png */ = {isa = PBXFileReference; lastKnownFileType = image.png; path = press_smartbridge.png; sourceTree = "<group>"; };
		877BF2D91B4BD4EC00118EF2 /* press_smartbridge@2x.png */ = {isa = PBXFileReference; lastKnownFileType = image.png; path = "press_smartbridge@2x.png"; sourceTree = "<group>"; };
		F71523F218337FD50033689C /* DDAbstractDatabaseLogger.h */ = {isa = PBXFileReference; fileEncoding = 4; lastKnownFileType = sourcecode.c.h; path = DDAbstractDatabaseLogger.h; sourceTree = "<group>"; };
		F71523F318337FD50033689C /* DDAbstractDatabaseLogger.m */ = {isa = PBXFileReference; fileEncoding = 4; lastKnownFileType = sourcecode.c.objc; path = DDAbstractDatabaseLogger.m; sourceTree = "<group>"; };
		F71523F418337FD50033689C /* DDASLLogger.h */ = {isa = PBXFileReference; fileEncoding = 4; lastKnownFileType = sourcecode.c.h; path = DDASLLogger.h; sourceTree = "<group>"; };
		F71523F518337FD50033689C /* DDASLLogger.m */ = {isa = PBXFileReference; fileEncoding = 4; lastKnownFileType = sourcecode.c.objc; path = DDASLLogger.m; sourceTree = "<group>"; };
		F71523F618337FD50033689C /* DDFileLogger.h */ = {isa = PBXFileReference; fileEncoding = 4; lastKnownFileType = sourcecode.c.h; path = DDFileLogger.h; sourceTree = "<group>"; };
		F71523F718337FD50033689C /* DDFileLogger.m */ = {isa = PBXFileReference; fileEncoding = 4; lastKnownFileType = sourcecode.c.objc; path = DDFileLogger.m; sourceTree = "<group>"; };
		F71523F818337FD50033689C /* DDLog.h */ = {isa = PBXFileReference; fileEncoding = 4; lastKnownFileType = sourcecode.c.h; path = DDLog.h; sourceTree = "<group>"; };
		F71523F918337FD50033689C /* DDLog.m */ = {isa = PBXFileReference; fileEncoding = 4; lastKnownFileType = sourcecode.c.objc; path = DDLog.m; sourceTree = "<group>"; };
		F71523FA18337FD50033689C /* DDTTYLogger.h */ = {isa = PBXFileReference; fileEncoding = 4; lastKnownFileType = sourcecode.c.h; path = DDTTYLogger.h; sourceTree = "<group>"; };
		F71523FB18337FD50033689C /* DDTTYLogger.m */ = {isa = PBXFileReference; fileEncoding = 4; lastKnownFileType = sourcecode.c.objc; path = DDTTYLogger.m; sourceTree = "<group>"; };
		F71523FD18337FD50033689C /* ContextFilterLogFormatter.h */ = {isa = PBXFileReference; fileEncoding = 4; lastKnownFileType = sourcecode.c.h; path = ContextFilterLogFormatter.h; sourceTree = "<group>"; };
		F71523FE18337FD50033689C /* ContextFilterLogFormatter.m */ = {isa = PBXFileReference; fileEncoding = 4; lastKnownFileType = sourcecode.c.objc; path = ContextFilterLogFormatter.m; sourceTree = "<group>"; };
		F71523FF18337FD50033689C /* DispatchQueueLogFormatter.h */ = {isa = PBXFileReference; fileEncoding = 4; lastKnownFileType = sourcecode.c.h; path = DispatchQueueLogFormatter.h; sourceTree = "<group>"; };
		F715240018337FD50033689C /* DispatchQueueLogFormatter.m */ = {isa = PBXFileReference; fileEncoding = 4; lastKnownFileType = sourcecode.c.objc; path = DispatchQueueLogFormatter.m; sourceTree = "<group>"; };
/* End PBXFileReference section */

/* Begin PBXFrameworksBuildPhase section */
		4CCACF8F165692D4008E9D69 /* Frameworks */ = {
			isa = PBXFrameworksBuildPhase;
			buildActionMask = 2147483647;
			files = (
				87194E79184F7FA700576916 /* CoreGraphics.framework in Frameworks */,
				4CCACF97165692D4008E9D69 /* UIKit.framework in Frameworks */,
				166943151ABC300800BF8B37 /* HueSDK_iOS.framework in Frameworks */,
				4CCACF99165692D4008E9D69 /* Foundation.framework in Frameworks */,
			);
			runOnlyForDeploymentPostprocessing = 0;
		};
/* End PBXFrameworksBuildPhase section */

/* Begin PBXGroup section */
		4CCACF87165692D4008E9D69 = {
			isa = PBXGroup;
			children = (
				877BF2CC1B4BD4EC00118EF2 /* SDKWizard */,
				4CCACF9C165692D4008E9D69 /* HueQuickStartApp-iOS */,
				4CCACF95165692D4008E9D69 /* Frameworks */,
				4CCACF93165692D4008E9D69 /* Products */,
			);
			sourceTree = "<group>";
		};
		4CCACF93165692D4008E9D69 /* Products */ = {
			isa = PBXGroup;
			children = (
				4CCACF92165692D4008E9D69 /* HueQuickStartApp-iOS.app */,
			);
			name = Products;
			sourceTree = "<group>";
		};
		4CCACF95165692D4008E9D69 /* Frameworks */ = {
			isa = PBXGroup;
			children = (
				166943141ABC300800BF8B37 /* HueSDK_iOS.framework */,
				87194E78184F7FA700576916 /* CoreGraphics.framework */,
				F71523F118337FD50033689C /* Lumberjack */,
				4CCACF96165692D4008E9D69 /* UIKit.framework */,
				4CCACF98165692D4008E9D69 /* Foundation.framework */,
			);
			name = Frameworks;
			sourceTree = "<group>";
		};
		4CCACF9C165692D4008E9D69 /* HueQuickStartApp-iOS */ = {
			isa = PBXGroup;
			children = (
				877BF2C41B4BD4B100118EF2 /* PHAppDelegate.h */,
				877BF2C51B4BD4B100118EF2 /* PHAppDelegate.m */,
				877BF2C61B4BD4B100118EF2 /* PHControlLightsViewController.h */,
				877BF2C71B4BD4B100118EF2 /* PHControlLightsViewController.m */,
				877BF2C81B4BD4B100118EF2 /* PHControlLightsViewController.xib */,
				4CCACF9D165692D4008E9D69 /* Supporting Files */,
			);
			path = "HueQuickStartApp-iOS";
			sourceTree = "<group>";
		};
		4CCACF9D165692D4008E9D69 /* Supporting Files */ = {
			isa = PBXGroup;
			children = (
				4CCACF9E165692D4008E9D69 /* HueQuickStartApp-iOS-Info.plist */,
				4CCACF9F165692D5008E9D69 /* InfoPlist.strings */,
				4CCACFA2165692D5008E9D69 /* main.m */,
				4CCACFA4165692D5008E9D69 /* HueQuickStartApp-iOS-Prefix.pch */,
				4CCACFA8165692D5008E9D69 /* Default.png */,
				4CCACFAA165692D5008E9D69 /* Default@2x.png */,
				4CCACFAC165692D5008E9D69 /* Default-568h@2x.png */,
			);
			name = "Supporting Files";
			sourceTree = "<group>";
		};
		877BF2CC1B4BD4EC00118EF2 /* SDKWizard */ = {
			isa = PBXGroup;
			children = (
				877BF2D11B4BD4EC00118EF2 /* PHBridgePushLinkViewController.h */,
				877BF2D21B4BD4EC00118EF2 /* PHBridgePushLinkViewController.m */,
				877BF2D31B4BD4EC00118EF2 /* PHBridgePushLinkViewController.xib */,
				877BF2D41B4BD4EC00118EF2 /* PHBridgeSelectionViewController.h */,
				877BF2D51B4BD4EC00118EF2 /* PHBridgeSelectionViewController.m */,
				877BF2D61B4BD4EC00118EF2 /* PHBridgeSelectionViewController.xib */,
				877BF2CD1B4BD4EC00118EF2 /* LoadingView */,
				877BF2D71B4BD4EC00118EF2 /* Resources */,
			);
			path = SDKWizard;
			sourceTree = "<group>";
		};
		877BF2CD1B4BD4EC00118EF2 /* LoadingView */ = {
			isa = PBXGroup;
			children = (
				877BF2CE1B4BD4EC00118EF2 /* PHLoadingViewController.h */,
				877BF2CF1B4BD4EC00118EF2 /* PHLoadingViewController.m */,
				877BF2D01B4BD4EC00118EF2 /* PHLoadingViewController.xib */,
			);
			path = LoadingView;
			sourceTree = "<group>";
		};
		877BF2D71B4BD4EC00118EF2 /* Resources */ = {
			isa = PBXGroup;
			children = (
				877BF2D81B4BD4EC00118EF2 /* press_smartbridge.png */,
				877BF2D91B4BD4EC00118EF2 /* press_smartbridge@2x.png */,
			);
			path = Resources;
			sourceTree = "<group>";
		};
		F71523F118337FD50033689C /* Lumberjack */ = {
			isa = PBXGroup;
			children = (
				F71523F218337FD50033689C /* DDAbstractDatabaseLogger.h */,
				F71523F318337FD50033689C /* DDAbstractDatabaseLogger.m */,
				F71523F418337FD50033689C /* DDASLLogger.h */,
				F71523F518337FD50033689C /* DDASLLogger.m */,
				F71523F618337FD50033689C /* DDFileLogger.h */,
				F71523F718337FD50033689C /* DDFileLogger.m */,
				F71523F818337FD50033689C /* DDLog.h */,
				F71523F918337FD50033689C /* DDLog.m */,
				F71523FA18337FD50033689C /* DDTTYLogger.h */,
				F71523FB18337FD50033689C /* DDTTYLogger.m */,
				F71523FC18337FD50033689C /* Extensions */,
			);
			name = Lumberjack;
			path = ../Lumberjack;
			sourceTree = "<group>";
		};
		F71523FC18337FD50033689C /* Extensions */ = {
			isa = PBXGroup;
			children = (
				F71523FD18337FD50033689C /* ContextFilterLogFormatter.h */,
				F71523FE18337FD50033689C /* ContextFilterLogFormatter.m */,
				F71523FF18337FD50033689C /* DispatchQueueLogFormatter.h */,
				F715240018337FD50033689C /* DispatchQueueLogFormatter.m */,
			);
			path = Extensions;
			sourceTree = "<group>";
		};
/* End PBXGroup section */

/* Begin PBXNativeTarget section */
		4CCACF91165692D4008E9D69 /* HueQuickStartApp-iOS */ = {
			isa = PBXNativeTarget;
			buildConfigurationList = 4CCACFB0165692D5008E9D69 /* Build configuration list for PBXNativeTarget "HueQuickStartApp-iOS" */;
			buildPhases = (
				4CCACF8E165692D4008E9D69 /* Sources */,
				4CCACF8F165692D4008E9D69 /* Frameworks */,
				4CCACF90165692D4008E9D69 /* Resources */,
			);
			buildRules = (
			);
			dependencies = (
			);
			name = "HueQuickStartApp-iOS";
			productName = SampleApp;
			productReference = 4CCACF92165692D4008E9D69 /* HueQuickStartApp-iOS.app */;
			productType = "com.apple.product-type.application";
		};
/* End PBXNativeTarget section */

/* Begin PBXProject section */
		4CCACF89165692D4008E9D69 /* Project object */ = {
			isa = PBXProject;
			attributes = {
				CLASSPREFIX = PH;
				LastUpgradeCheck = 0450;
				ORGANIZATIONNAME = Philips;
			};
			buildConfigurationList = 4CCACF8C165692D4008E9D69 /* Build configuration list for PBXProject "HueQuickStartApp-iOS" */;
			compatibilityVersion = "Xcode 3.2";
			developmentRegion = English;
			hasScannedForEncodings = 0;
			knownRegions = (
				en,
			);
			mainGroup = 4CCACF87165692D4008E9D69;
			productRefGroup = 4CCACF93165692D4008E9D69 /* Products */;
			projectDirPath = "";
			projectRoot = "";
			targets = (
				4CCACF91165692D4008E9D69 /* HueQuickStartApp-iOS */,
			);
		};
/* End PBXProject section */

/* Begin PBXResourcesBuildPhase section */
		4CCACF90165692D4008E9D69 /* Resources */ = {
			isa = PBXResourcesBuildPhase;
			buildActionMask = 2147483647;
			files = (
				877BF2DD1B4BD4EC00118EF2 /* PHBridgePushLinkViewController.xib in Resources */,
				4CCACFA1165692D5008E9D69 /* InfoPlist.strings in Resources */,
				877BF2DB1B4BD4EC00118EF2 /* PHLoadingViewController.xib in Resources */,
				877BF2E01B4BD4EC00118EF2 /* press_smartbridge.png in Resources */,
				4CCACFA9165692D5008E9D69 /* Default.png in Resources */,
				4CCACFAB165692D5008E9D69 /* Default@2x.png in Resources */,
				4CCACFAD165692D5008E9D69 /* Default-568h@2x.png in Resources */,
				877BF2DF1B4BD4EC00118EF2 /* PHBridgeSelectionViewController.xib in Resources */,
				877BF2CB1B4BD4B100118EF2 /* PHControlLightsViewController.xib in Resources */,
				877BF2E11B4BD4EC00118EF2 /* press_smartbridge@2x.png in Resources */,
			);
			runOnlyForDeploymentPostprocessing = 0;
		};
/* End PBXResourcesBuildPhase section */

/* Begin PBXSourcesBuildPhase section */
		4CCACF8E165692D4008E9D69 /* Sources */ = {
			isa = PBXSourcesBuildPhase;
			buildActionMask = 2147483647;
			files = (
				F715240418337FD50033689C /* DDLog.m in Sources */,
				F715240218337FD50033689C /* DDASLLogger.m in Sources */,
				877BF2C91B4BD4B100118EF2 /* PHAppDelegate.m in Sources */,
				4CCACFA3165692D5008E9D69 /* main.m in Sources */,
				F715240718337FD50033689C /* DispatchQueueLogFormatter.m in Sources */,
				877BF2CA1B4BD4B100118EF2 /* PHControlLightsViewController.m in Sources */,
				F715240518337FD50033689C /* DDTTYLogger.m in Sources */,
				F715240118337FD50033689C /* DDAbstractDatabaseLogger.m in Sources */,
				F715240318337FD50033689C /* DDFileLogger.m in Sources */,
				F715240618337FD50033689C /* ContextFilterLogFormatter.m in Sources */,
				877BF2DC1B4BD4EC00118EF2 /* PHBridgePushLinkViewController.m in Sources */,
				877BF2DE1B4BD4EC00118EF2 /* PHBridgeSelectionViewController.m in Sources */,
				877BF2DA1B4BD4EC00118EF2 /* PHLoadingViewController.m in Sources */,
			);
			runOnlyForDeploymentPostprocessing = 0;
		};
/* End PBXSourcesBuildPhase section */

/* Begin PBXVariantGroup section */
		4CCACF9F165692D5008E9D69 /* InfoPlist.strings */ = {
			isa = PBXVariantGroup;
			children = (
				4CCACFA0165692D5008E9D69 /* en */,
			);
			name = InfoPlist.strings;
			sourceTree = "<group>";
		};
/* End PBXVariantGroup section */

/* Begin XCBuildConfiguration section */
		4CCACFAE165692D5008E9D69 /* Debug */ = {
			isa = XCBuildConfiguration;
			buildSettings = {
				ALWAYS_SEARCH_USER_PATHS = NO;
				CLANG_CXX_LANGUAGE_STANDARD = "gnu++0x";
				CLANG_CXX_LIBRARY = "libc++";
				CLANG_ENABLE_OBJC_ARC = YES;
				CLANG_WARN_EMPTY_BODY = YES;
				CLANG_WARN__DUPLICATE_METHOD_MATCH = YES;
				"CODE_SIGN_ENTITLEMENTS[sdk=*]" = "";
				CODE_SIGN_IDENTITY = "iPhone Developer";
				"CODE_SIGN_IDENTITY[sdk=iphoneos*]" = "iPhone Developer";
				COPY_PHASE_STRIP = NO;
				GCC_C_LANGUAGE_STANDARD = gnu99;
				GCC_DYNAMIC_NO_PIC = NO;
				GCC_OPTIMIZATION_LEVEL = 0;
				GCC_PREPROCESSOR_DEFINITIONS = (
					"DEBUG=1",
					"$(inherited)",
				);
				GCC_SYMBOLS_PRIVATE_EXTERN = NO;
				GCC_WARN_ABOUT_RETURN_TYPE = YES;
				GCC_WARN_UNINITIALIZED_AUTOS = YES;
				GCC_WARN_UNUSED_VARIABLE = YES;
				IPHONEOS_DEPLOYMENT_TARGET = 6.0;
				ONLY_ACTIVE_ARCH = YES;
				PROVISIONING_PROFILE = "";
				"PROVISIONING_PROFILE[sdk=iphoneos*]" = "";
				SDKROOT = iphoneos;
			};
			name = Debug;
		};
		4CCACFAF165692D5008E9D69 /* Release */ = {
			isa = XCBuildConfiguration;
			buildSettings = {
				ALWAYS_SEARCH_USER_PATHS = NO;
				CLANG_CXX_LANGUAGE_STANDARD = "gnu++0x";
				CLANG_CXX_LIBRARY = "libc++";
				CLANG_ENABLE_OBJC_ARC = YES;
				CLANG_WARN_EMPTY_BODY = YES;
				CLANG_WARN__DUPLICATE_METHOD_MATCH = YES;
				CODE_SIGN_IDENTITY = "iPhone Developer";
				"CODE_SIGN_IDENTITY[sdk=iphoneos*]" = "iPhone Developer";
				COPY_PHASE_STRIP = YES;
				GCC_C_LANGUAGE_STANDARD = gnu99;
				GCC_WARN_ABOUT_RETURN_TYPE = YES;
				GCC_WARN_UNINITIALIZED_AUTOS = YES;
				GCC_WARN_UNUSED_VARIABLE = YES;
				IPHONEOS_DEPLOYMENT_TARGET = 6.0;
				OTHER_CFLAGS = "-DNS_BLOCK_ASSERTIONS=1";
				PROVISIONING_PROFILE = "";
				"PROVISIONING_PROFILE[sdk=iphoneos*]" = "";
				SDKROOT = iphoneos;
				VALIDATE_PRODUCT = YES;
			};
			name = Release;
		};
		4CCACFB1165692D5008E9D69 /* Debug */ = {
			isa = XCBuildConfiguration;
			buildSettings = {
				CODE_SIGN_IDENTITY = "iPhone Developer";
				"CODE_SIGN_IDENTITY[sdk=iphoneos*]" = "iPhone Developer";
				FRAMEWORK_SEARCH_PATHS = (
					"$(inherited)",
					../,
					"$(PROJECT_DIR)",
					"$(USER_LIBRARY_DIR)/Developer/Xcode/DerivedData/HueSDK-fbuqsqfgjnaykpgiljqsdoddnqaj/Build/Products/Release-iphoneuniversal",
				);
				GCC_PRECOMPILE_PREFIX_HEADER = YES;
				GCC_PREFIX_HEADER = "HueQuickStartApp-iOS/HueQuickStartApp-iOS-Prefix.pch";
				INFOPLIST_FILE = "$(SRCROOT)/HueQuickStartApp-iOS/HueQuickStartApp-iOS-Info.plist";
				IPHONEOS_DEPLOYMENT_TARGET = 5.0;
				LIBRARY_SEARCH_PATHS = "$(inherited)";
				OTHER_LDFLAGS = "-ObjC";
				PRODUCT_NAME = "HueQuickStartApp-iOS";
				PROVISIONING_PROFILE = "";
				"PROVISIONING_PROFILE[sdk=iphoneos*]" = "";
				TARGETED_DEVICE_FAMILY = "1,2";
				WRAPPER_EXTENSION = app;
			};
			name = Debug;
		};
		4CCACFB2165692D5008E9D69 /* Release */ = {
			isa = XCBuildConfiguration;
			buildSettings = {
				CODE_SIGN_IDENTITY = "iPhone Developer";
				"CODE_SIGN_IDENTITY[sdk=iphoneos*]" = "iPhone Developer";
				FRAMEWORK_SEARCH_PATHS = (
					"$(inherited)",
					../,
					"$(PROJECT_DIR)",
					"$(USER_LIBRARY_DIR)/Developer/Xcode/DerivedData/HueSDK-fbuqsqfgjnaykpgiljqsdoddnqaj/Build/Products/Release-iphoneuniversal",
				);
				GCC_PRECOMPILE_PREFIX_HEADER = YES;
				GCC_PREFIX_HEADER = "HueQuickStartApp-iOS/HueQuickStartApp-iOS-Prefix.pch";
				INFOPLIST_FILE = "$(SRCROOT)/HueQuickStartApp-iOS/HueQuickStartApp-iOS-Info.plist";
				IPHONEOS_DEPLOYMENT_TARGET = 5.0;
				LIBRARY_SEARCH_PATHS = "$(inherited)";
				OTHER_LDFLAGS = "-ObjC";
				PRODUCT_NAME = "HueQuickStartApp-iOS";
				PROVISIONING_PROFILE = "";
				"PROVISIONING_PROFILE[sdk=iphoneos*]" = "";
				TARGETED_DEVICE_FAMILY = "1,2";
				WRAPPER_EXTENSION = app;
			};
			name = Release;
		};
/* End XCBuildConfiguration section */

/* Begin XCConfigurationList section */
		4CCACF8C165692D4008E9D69 /* Build configuration list for PBXProject "HueQuickStartApp-iOS" */ = {
			isa = XCConfigurationList;
			buildConfigurations = (
				4CCACFAE165692D5008E9D69 /* Debug */,
				4CCACFAF165692D5008E9D69 /* Release */,
			);
			defaultConfigurationIsVisible = 0;
			defaultConfigurationName = Release;
		};
		4CCACFB0165692D5008E9D69 /* Build configuration list for PBXNativeTarget "HueQuickStartApp-iOS" */ = {
			isa = XCConfigurationList;
			buildConfigurations = (
				4CCACFB1165692D5008E9D69 /* Debug */,
				4CCACFB2165692D5008E9D69 /* Release */,
			);
			defaultConfigurationIsVisible = 0;
			defaultConfigurationName = Release;
		};
/* End XCConfigurationList section */
	};
	rootObject = 4CCACF89165692D4008E9D69 /* Project object */;
}
